
Microsoft Visual Studio Solution File, Format Version 12.00
# Visual Studio Version 16
VisualStudioVersion = 16.0.29215.179
MinimumVisualStudioVersion = 10.0.40219.1
Project("{FAE04EC0-301F-11D3-BF4B-00C04F79EFBC}") = "TheLeftOversClub", "TheLeftOversClub\TheLeftOversClub.csproj", "{A941DEB0-3D98-4E0F-AE93-F9AE9253B627}"
EndProject
Global
	GlobalSection(SolutionConfigurationPlatforms) = preSolution
		Debug|Any CPU = Debug|Any CPU
		Release|Any CPU = Release|Any CPU
	EndGlobalSection
	GlobalSection(ProjectConfigurationPlatforms) = postSolution
		{A941DEB0-3D98-4E0F-AE93-F9AE9253B627}.Debug|Any CPU.ActiveCfg = Debug|Any CPU
		{A941DEB0-3D98-4E0F-AE93-F9AE9253B627}.Debug|Any CPU.Build.0 = Debug|Any CPU
		{A941DEB0-3D98-4E0F-AE93-F9AE9253B627}.Release|Any CPU.ActiveCfg = Release|Any CPU
		{A941DEB0-3D98-4E0F-AE93-F9AE9253B627}.Release|Any CPU.Build.0 = Release|Any CPU
	EndGlobalSection
	GlobalSection(SolutionProperties) = preSolution
		HideSolutionNode = FALSE
	EndGlobalSection
	GlobalSection(ExtensibilityGlobals) = postSolution
		SolutionGuid = {2E386A75-4622-4EAF-A037-8B84F057F1BC}
	EndGlobalSection
EndGlobal
